
Microsoft Visual Studio Solution File, Format Version 12.00
# Visual Studio Version 17
VisualStudioVersion = 17.3.32819.101
MinimumVisualStudioVersion = 10.0.40219.1
Project("{FAE04EC0-301F-11D3-BF4B-00C04F79EFBC}") = "ChatApp", "ChatApp\ChatApp.csproj", "{E0DFBCF4-3F0F-46FF-8D9D-B8F8DB4B0A71}"
EndProject
Global
	GlobalSection(SolutionConfigurationPlatforms) = preSolution
		Debug|Any CPU = Debug|Any CPU
		Release|Any CPU = Release|Any CPU
	EndGlobalSection
	GlobalSection(ProjectConfigurationPlatforms) = postSolution
		{E0DFBCF4-3F0F-46FF-8D9D-B8F8DB4B0A71}.Debug|Any CPU.ActiveCfg = Debug|Any CPU
		{E0DFBCF4-3F0F-46FF-8D9D-B8F8DB4B0A71}.Debug|Any CPU.Build.0 = Debug|Any CPU
		{E0DFBCF4-3F0F-46FF-8D9D-B8F8DB4B0A71}.Release|Any CPU.ActiveCfg = Release|Any CPU
		{E0DFBCF4-3F0F-46FF-8D9D-B8F8DB4B0A71}.Release|Any CPU.Build.0 = Release|Any CPU
	EndGlobalSection
	GlobalSection(SolutionProperties) = preSolution
		HideSolutionNode = FALSE
	EndGlobalSection
	GlobalSection(ExtensibilityGlobals) = postSolution
		SolutionGuid = {8B9780C9-5168-46DF-9522-A5C546457F79}
	EndGlobalSection
EndGlobal
